// !$*UTF8*$!
{
	archiveVersion = 1;
	classes = {
	};
	objectVersion = 46;
	objects = {

/* Begin PBXBuildFile section */
		323193581DF7682B00FCF3B2 /* StoreManager.swift in Sources */ = {isa = PBXBuildFile; fileRef = 323193571DF7682B00FCF3B2 /* StoreManager.swift */; };
		3231935A1DF7683A00FCF3B2 /* Product.swift in Sources */ = {isa = PBXBuildFile; fileRef = 323193591DF7683A00FCF3B2 /* Product.swift */; };
		3231935C1DF768D500FCF3B2 /* CategoryTableViewController.swift in Sources */ = {isa = PBXBuildFile; fileRef = 3231935B1DF768D500FCF3B2 /* CategoryTableViewController.swift */; };
		32DEDF511DF759FC00D7EDCB /* AppDelegate.swift in Sources */ = {isa = PBXBuildFile; fileRef = 32DEDF501DF759FC00D7EDCB /* AppDelegate.swift */; };
		32DEDF561DF759FC00D7EDCB /* Main.storyboard in Resources */ = {isa = PBXBuildFile; fileRef = 32DEDF541DF759FC00D7EDCB /* Main.storyboard */; };
		32DEDF581DF759FC00D7EDCB /* Assets.xcassets in Resources */ = {isa = PBXBuildFile; fileRef = 32DEDF571DF759FC00D7EDCB /* Assets.xcassets */; };
		32DEDF5B1DF759FC00D7EDCB /* LaunchScreen.storyboard in Resources */ = {isa = PBXBuildFile; fileRef = 32DEDF591DF759FC00D7EDCB /* LaunchScreen.storyboard */; };
		ACB4705048EFFFBB5B6B9579 /* Pods_ClothesStore.framework in Frameworks */ = {isa = PBXBuildFile; fileRef = B23BA117163ECE8B3C84481C /* Pods_ClothesStore.framework */; };
/* End PBXBuildFile section */

/* Begin PBXFileReference section */
		323193571DF7682B00FCF3B2 /* StoreManager.swift */ = {isa = PBXFileReference; fileEncoding = 4; lastKnownFileType = sourcecode.swift; path = StoreManager.swift; sourceTree = "<group>"; };
		323193591DF7683A00FCF3B2 /* Product.swift */ = {isa = PBXFileReference; fileEncoding = 4; lastKnownFileType = sourcecode.swift; path = Product.swift; sourceTree = "<group>"; };
		3231935B1DF768D500FCF3B2 /* CategoryTableViewController.swift */ = {isa = PBXFileReference; fileEncoding = 4; lastKnownFileType = sourcecode.swift; path = CategoryTableViewController.swift; sourceTree = "<group>"; };
		32DEDF4D1DF759FC00D7EDCB /* ClothesStore.app */ = {isa = PBXFileReference; explicitFileType = wrapper.application; includeInIndex = 0; path = ClothesStore.app; sourceTree = BUILT_PRODUCTS_DIR; };
		32DEDF501DF759FC00D7EDCB /* AppDelegate.swift */ = {isa = PBXFileReference; lastKnownFileType = sourcecode.swift; path = AppDelegate.swift; sourceTree = "<group>"; };
		32DEDF551DF759FC00D7EDCB /* Base */ = {isa = PBXFileReference; lastKnownFileType = file.storyboard; name = Base; path = Base.lproj/Main.storyboard; sourceTree = "<group>"; };
		32DEDF571DF759FC00D7EDCB /* Assets.xcassets */ = {isa = PBXFileReference; lastKnownFileType = folder.assetcatalog; path = Assets.xcassets; sourceTree = "<group>"; };
		32DEDF5A1DF759FC00D7EDCB /* Base */ = {isa = PBXFileReference; lastKnownFileType = file.storyboard; name = Base; path = Base.lproj/LaunchScreen.storyboard; sourceTree = "<group>"; };
		32DEDF5C1DF759FC00D7EDCB /* Info.plist */ = {isa = PBXFileReference; lastKnownFileType = text.plist.xml; path = Info.plist; sourceTree = "<group>"; };
		3AADA22C5C20A5783D9E7EE2 /* Pods-ClothesStore.debug.xcconfig */ = {isa = PBXFileReference; includeInIndex = 1; lastKnownFileType = text.xcconfig; name = "Pods-ClothesStore.debug.xcconfig"; path = "Pods/Target Support Files/Pods-ClothesStore/Pods-ClothesStore.debug.xcconfig"; sourceTree = "<group>"; };
		B23BA117163ECE8B3C84481C /* Pods_ClothesStore.framework */ = {isa = PBXFileReference; explicitFileType = wrapper.framework; includeInIndex = 0; path = Pods_ClothesStore.framework; sourceTree = BUILT_PRODUCTS_DIR; };
		D5615ED1014B2E4CC003E9A3 /* Pods-ClothesStore.release.xcconfig */ = {isa = PBXFileReference; includeInIndex = 1; lastKnownFileType = text.xcconfig; name = "Pods-ClothesStore.release.xcconfig"; path = "Pods/Target Support Files/Pods-ClothesStore/Pods-ClothesStore.release.xcconfig"; sourceTree = "<group>"; };
/* End PBXFileReference section */

/* Begin PBXFrameworksBuildPhase section */
		32DEDF4A1DF759FC00D7EDCB /* Frameworks */ = {
			isa = PBXFrameworksBuildPhase;
			buildActionMask = 2147483647;
			files = (
				ACB4705048EFFFBB5B6B9579 /* Pods_ClothesStore.framework in Frameworks */,
			);
			runOnlyForDeploymentPostprocessing = 0;
		};
/* End PBXFrameworksBuildPhase section */

/* Begin PBXGroup section */
		06C907F275DD0377799FE52F /* Frameworks */ = {
			isa = PBXGroup;
			children = (
				B23BA117163ECE8B3C84481C /* Pods_ClothesStore.framework */,
			);
			name = Frameworks;
			sourceTree = "<group>";
		};
		323193551DF767F500FCF3B2 /* StoreAPI */ = {
			isa = PBXGroup;
			children = (
				323193571DF7682B00FCF3B2 /* StoreManager.swift */,
			);
			name = StoreAPI;
			sourceTree = "<group>";
		};
		323193561DF7680500FCF3B2 /* DataObjects */ = {
			isa = PBXGroup;
			children = (
				323193591DF7683A00FCF3B2 /* Product.swift */,
			);
			name = DataObjects;
			sourceTree = "<group>";
		};
		324B3C9B1DF77E4E00609C67 /* DataParser */ = {
			isa = PBXGroup;
			children = (
			);
			name = DataParser;
			sourceTree = "<group>";
		};
		32DEDF441DF759FC00D7EDCB = {
			isa = PBXGroup;
			children = (
				32DEDF4F1DF759FC00D7EDCB /* ClothesStore */,
				32DEDF4E1DF759FC00D7EDCB /* Products */,
				E9A7FC60833840987BD4025F /* Pods */,
				06C907F275DD0377799FE52F /* Frameworks */,
			);
			sourceTree = "<group>";
		};
		32DEDF4E1DF759FC00D7EDCB /* Products */ = {
			isa = PBXGroup;
			children = (
				32DEDF4D1DF759FC00D7EDCB /* ClothesStore.app */,
			);
			name = Products;
			sourceTree = "<group>";
		};
		32DEDF4F1DF759FC00D7EDCB /* ClothesStore */ = {
			isa = PBXGroup;
			children = (
				32DEDF621DF75AAD00D7EDCB /* ViewControllers */,
				323193551DF767F500FCF3B2 /* StoreAPI */,
				324B3C9B1DF77E4E00609C67 /* DataParser */,
				323193561DF7680500FCF3B2 /* DataObjects */,
				32DEDF631DF75AC200D7EDCB /* SupportingFiles */,
			);
			path = ClothesStore;
			sourceTree = "<group>";
		};
		32DEDF621DF75AAD00D7EDCB /* ViewControllers */ = {
			isa = PBXGroup;
			children = (
				32DEDF541DF759FC00D7EDCB /* Main.storyboard */,
				3231935B1DF768D500FCF3B2 /* CategoryTableViewController.swift */,
			);
			name = ViewControllers;
			sourceTree = "<group>";
		};
		32DEDF631DF75AC200D7EDCB /* SupportingFiles */ = {
			isa = PBXGroup;
			children = (
				32DEDF501DF759FC00D7EDCB /* AppDelegate.swift */,
				32DEDF571DF759FC00D7EDCB /* Assets.xcassets */,
				32DEDF591DF759FC00D7EDCB /* LaunchScreen.storyboard */,
				32DEDF5C1DF759FC00D7EDCB /* Info.plist */,
			);
			name = SupportingFiles;
			sourceTree = "<group>";
		};
		E9A7FC60833840987BD4025F /* Pods */ = {
			isa = PBXGroup;
			children = (
				3AADA22C5C20A5783D9E7EE2 /* Pods-ClothesStore.debug.xcconfig */,
				D5615ED1014B2E4CC003E9A3 /* Pods-ClothesStore.release.xcconfig */,
			);
			name = Pods;
			sourceTree = "<group>";
		};
/* End PBXGroup section */

/* Begin PBXNativeTarget section */
		32DEDF4C1DF759FC00D7EDCB /* ClothesStore */ = {
			isa = PBXNativeTarget;
			buildConfigurationList = 32DEDF5F1DF759FC00D7EDCB /* Build configuration list for PBXNativeTarget "ClothesStore" */;
			buildPhases = (
				885C2466E40D3C4EA5787BED /* [CP] Check Pods Manifest.lock */,
				32DEDF491DF759FC00D7EDCB /* Sources */,
				32DEDF4A1DF759FC00D7EDCB /* Frameworks */,
				32DEDF4B1DF759FC00D7EDCB /* Resources */,
				974F5BB978EAE31749157042 /* [CP] Embed Pods Frameworks */,
				A9FC5D10B69D4FFC8F8A9E8A /* [CP] Copy Pods Resources */,
			);
			buildRules = (
			);
			dependencies = (
			);
			name = ClothesStore;
			productName = ClothesStore;
			productReference = 32DEDF4D1DF759FC00D7EDCB /* ClothesStore.app */;
			productType = "com.apple.product-type.application";
		};
/* End PBXNativeTarget section */

/* Begin PBXProject section */
		32DEDF451DF759FC00D7EDCB /* Project object */ = {
			isa = PBXProject;
			attributes = {
				LastSwiftUpdateCheck = 0810;
				LastUpgradeCheck = 0810;
				ORGANIZATIONNAME = KeelinDevenney;
				TargetAttributes = {
					32DEDF4C1DF759FC00D7EDCB = {
						CreatedOnToolsVersion = 8.1;
						ProvisioningStyle = Automatic;
					};
				};
			};
			buildConfigurationList = 32DEDF481DF759FC00D7EDCB /* Build configuration list for PBXProject "ClothesStore" */;
			compatibilityVersion = "Xcode 3.2";
			developmentRegion = English;
			hasScannedForEncodings = 0;
			knownRegions = (
				en,
				Base,
			);
			mainGroup = 32DEDF441DF759FC00D7EDCB;
			productRefGroup = 32DEDF4E1DF759FC00D7EDCB /* Products */;
			projectDirPath = "";
			projectRoot = "";
			targets = (
				32DEDF4C1DF759FC00D7EDCB /* ClothesStore */,
			);
		};
/* End PBXProject section */

/* Begin PBXResourcesBuildPhase section */
		32DEDF4B1DF759FC00D7EDCB /* Resources */ = {
			isa = PBXResourcesBuildPhase;
			buildActionMask = 2147483647;
			files = (
				32DEDF5B1DF759FC00D7EDCB /* LaunchScreen.storyboard in Resources */,
				32DEDF581DF759FC00D7EDCB /* Assets.xcassets in Resources */,
				32DEDF561DF759FC00D7EDCB /* Main.storyboard in Resources */,
			);
			runOnlyForDeploymentPostprocessing = 0;
		};
/* End PBXResourcesBuildPhase section */

/* Begin PBXShellScriptBuildPhase section */
		885C2466E40D3C4EA5787BED /* [CP] Check Pods Manifest.lock */ = {
			isa = PBXShellScriptBuildPhase;
			buildActionMask = 2147483647;
			files = (
			);
			inputPaths = (
			);
			name = "[CP] Check Pods Manifest.lock";
			outputPaths = (
			);
			runOnlyForDeploymentPostprocessing = 0;
			shellPath = /bin/sh;
			shellScript = "diff \"${PODS_ROOT}/../Podfile.lock\" \"${PODS_ROOT}/Manifest.lock\" > /dev/null\nif [ $? != 0 ] ; then\n    # print error to STDERR\n    echo \"error: The sandbox is not in sync with the Podfile.lock. Run 'pod install' or update your CocoaPods installation.\" >&2\n    exit 1\nfi\n";
			showEnvVarsInLog = 0;
		};
		974F5BB978EAE31749157042 /* [CP] Embed Pods Frameworks */ = {
			isa = PBXShellScriptBuildPhase;
			buildActionMask = 2147483647;
			files = (
			);
			inputPaths = (
			);
			name = "[CP] Embed Pods Frameworks";
			outputPaths = (
			);
			runOnlyForDeploymentPostprocessing = 0;
			shellPath = /bin/sh;
			shellScript = "\"${SRCROOT}/Pods/Target Support Files/Pods-ClothesStore/Pods-ClothesStore-frameworks.sh\"\n";
			showEnvVarsInLog = 0;
		};
		A9FC5D10B69D4FFC8F8A9E8A /* [CP] Copy Pods Resources */ = {
			isa = PBXShellScriptBuildPhase;
			buildActionMask = 2147483647;
			files = (
			);
			inputPaths = (
			);
			name = "[CP] Copy Pods Resources";
			outputPaths = (
			);
			runOnlyForDeploymentPostprocessing = 0;
			shellPath = /bin/sh;
			shellScript = "\"${SRCROOT}/Pods/Target Support Files/Pods-ClothesStore/Pods-ClothesStore-resources.sh\"\n";
			showEnvVarsInLog = 0;
		};
/* End PBXShellScriptBuildPhase section */

/* Begin PBXSourcesBuildPhase section */
		32DEDF491DF759FC00D7EDCB /* Sources */ = {
			isa = PBXSourcesBuildPhase;
			buildActionMask = 2147483647;
			files = (
				32DEDF511DF759FC00D7EDCB /* AppDelegate.swift in Sources */,
				323193581DF7682B00FCF3B2 /* StoreManager.swift in Sources */,
				3231935A1DF7683A00FCF3B2 /* Product.swift in Sources */,
				3231935C1DF768D500FCF3B2 /* CategoryTableViewController.swift in Sources */,
			);
			runOnlyForDeploymentPostprocessing = 0;
		};
/* End PBXSourcesBuildPhase section */

/* Begin PBXVariantGroup section */
		32DEDF541DF759FC00D7EDCB /* Main.storyboard */ = {
			isa = PBXVariantGroup;
			children = (
				32DEDF551DF759FC00D7EDCB /* Base */,
			);
			name = Main.storyboard;
			sourceTree = "<group>";
		};
		32DEDF591DF759FC00D7EDCB /* LaunchScreen.storyboard */ = {
			isa = PBXVariantGroup;
			children = (
				32DEDF5A1DF759FC00D7EDCB /* Base */,
			);
			name = LaunchScreen.storyboard;
			sourceTree = "<group>";
		};
/* End PBXVariantGroup section */

/* Begin XCBuildConfiguration section */
		32DEDF5D1DF759FC00D7EDCB /* Debug */ = {
			isa = XCBuildConfiguration;
			buildSettings = {
				ALWAYS_SEARCH_USER_PATHS = NO;
				CLANG_ANALYZER_NONNULL = YES;
				CLANG_CXX_LANGUAGE_STANDARD = "gnu++0x";
				CLANG_CXX_LIBRARY = "libc++";
				CLANG_ENABLE_MODULES = YES;
				CLANG_ENABLE_OBJC_ARC = YES;
				CLANG_WARN_BOOL_CONVERSION = YES;
				CLANG_WARN_CONSTANT_CONVERSION = YES;
				CLANG_WARN_DIRECT_OBJC_ISA_USAGE = YES_ERROR;
				CLANG_WARN_DOCUMENTATION_COMMENTS = YES;
				CLANG_WARN_EMPTY_BODY = YES;
				CLANG_WARN_ENUM_CONVERSION = YES;
				CLANG_WARN_INFINITE_RECURSION = YES;
				CLANG_WARN_INT_CONVERSION = YES;
				CLANG_WARN_OBJC_ROOT_CLASS = YES_ERROR;
				CLANG_WARN_SUSPICIOUS_MOVES = YES;
				CLANG_WARN_UNREACHABLE_CODE = YES;
				CLANG_WARN__DUPLICATE_METHOD_MATCH = YES;
				"CODE_SIGN_IDENTITY[sdk=iphoneos*]" = "iPhone Developer";
				COPY_PHASE_STRIP = NO;
				DEBUG_INFORMATION_FORMAT = dwarf;
				ENABLE_STRICT_OBJC_MSGSEND = YES;
				ENABLE_TESTABILITY = YES;
				GCC_C_LANGUAGE_STANDARD = gnu99;
				GCC_DYNAMIC_NO_PIC = NO;
				GCC_NO_COMMON_BLOCKS = YES;
				GCC_OPTIMIZATION_LEVEL = 0;
				GCC_PREPROCESSOR_DEFINITIONS = (
					"DEBUG=1",
					"$(inherited)",
				);
				GCC_WARN_64_TO_32_BIT_CONVERSION = YES;
				GCC_WARN_ABOUT_RETURN_TYPE = YES_ERROR;
				GCC_WARN_UNDECLARED_SELECTOR = YES;
				GCC_WARN_UNINITIALIZED_AUTOS = YES_AGGRESSIVE;
				GCC_WARN_UNUSED_FUNCTION = YES;
				GCC_WARN_UNUSED_VARIABLE = YES;
				IPHONEOS_DEPLOYMENT_TARGET = 10.1;
				MTL_ENABLE_DEBUG_INFO = YES;
				ONLY_ACTIVE_ARCH = YES;
				SDKROOT = iphoneos;
				SWIFT_ACTIVE_COMPILATION_CONDITIONS = DEBUG;
				SWIFT_OPTIMIZATION_LEVEL = "-Onone";
				TARGETED_DEVICE_FAMILY = "1,2";
			};
			name = Debug;
		};
		32DEDF5E1DF759FC00D7EDCB /* Release */ = {
			isa = XCBuildConfiguration;
			buildSettings = {
				ALWAYS_SEARCH_USER_PATHS = NO;
				CLANG_ANALYZER_NONNULL = YES;
				CLANG_CXX_LANGUAGE_STANDARD = "gnu++0x";
				CLANG_CXX_LIBRARY = "libc++";
				CLANG_ENABLE_MODULES = YES;
				CLANG_ENABLE_OBJC_ARC = YES;
				CLANG_WARN_BOOL_CONVERSION = YES;
				CLANG_WARN_CONSTANT_CONVERSION = YES;
				CLANG_WARN_DIRECT_OBJC_ISA_USAGE = YES_ERROR;
				CLANG_WARN_DOCUMENTATION_COMMENTS = YES;
				CLANG_WARN_EMPTY_BODY = YES;
				CLANG_WARN_ENUM_CONVERSION = YES;
				CLANG_WARN_INFINITE_RECURSION = YES;
				CLANG_WARN_INT_CONVERSION = YES;
				CLANG_WARN_OBJC_ROOT_CLASS = YES_ERROR;
				CLANG_WARN_SUSPICIOUS_MOVES = YES;
				CLANG_WARN_UNREACHABLE_CODE = YES;
				CLANG_WARN__DUPLICATE_METHOD_MATCH = YES;
				"CODE_SIGN_IDENTITY[sdk=iphoneos*]" = "iPhone Developer";
				COPY_PHASE_STRIP = NO;
				DEBUG_INFORMATION_FORMAT = "dwarf-with-dsym";
				ENABLE_NS_ASSERTIONS = NO;
				ENABLE_STRICT_OBJC_MSGSEND = YES;
				GCC_C_LANGUAGE_STANDARD = gnu99;
				GCC_NO_COMMON_BLOCKS = YES;
				GCC_WARN_64_TO_32_BIT_CONVERSION = YES;
				GCC_WARN_ABOUT_RETURN_TYPE = YES_ERROR;
				GCC_WARN_UNDECLARED_SELECTOR = YES;
				GCC_WARN_UNINITIALIZED_AUTOS = YES_AGGRESSIVE;
				GCC_WARN_UNUSED_FUNCTION = YES;
				GCC_WARN_UNUSED_VARIABLE = YES;
				IPHONEOS_DEPLOYMENT_TARGET = 10.1;
				MTL_ENABLE_DEBUG_INFO = NO;
				SDKROOT = iphoneos;
				SWIFT_OPTIMIZATION_LEVEL = "-Owholemodule";
				TARGETED_DEVICE_FAMILY = "1,2";
				VALIDATE_PRODUCT = YES;
			};
			name = Release;
		};
		32DEDF601DF759FC00D7EDCB /* Debug */ = {
			isa = XCBuildConfiguration;
			baseConfigurationReference = 3AADA22C5C20A5783D9E7EE2 /* Pods-ClothesStore.debug.xcconfig */;
			buildSettings = {
				ASSETCATALOG_COMPILER_APPICON_NAME = AppIcon;
				INFOPLIST_FILE = ClothesStore/Info.plist;
				LD_RUNPATH_SEARCH_PATHS = "$(inherited) @executable_path/Frameworks";
				PRODUCT_BUNDLE_IDENTIFIER = KD.ClothesStore;
				PRODUCT_NAME = "$(TARGET_NAME)";
				SWIFT_VERSION = 3.0;
			};
			name = Debug;
		};
		32DEDF611DF759FC00D7EDCB /* Release */ = {
			isa = XCBuildConfiguration;
			baseConfigurationReference = D5615ED1014B2E4CC003E9A3 /* Pods-ClothesStore.release.xcconfig */;
			buildSettings = {
				ASSETCATALOG_COMPILER_APPICON_NAME = AppIcon;
				INFOPLIST_FILE = ClothesStore/Info.plist;
				LD_RUNPATH_SEARCH_PATHS = "$(inherited) @executable_path/Frameworks";
				PRODUCT_BUNDLE_IDENTIFIER = KD.ClothesStore;
				PRODUCT_NAME = "$(TARGET_NAME)";
				SWIFT_VERSION = 3.0;
			};
			name = Release;
		};
/* End XCBuildConfiguration section */

/* Begin XCConfigurationList section */
		32DEDF481DF759FC00D7EDCB /* Build configuration list for PBXProject "ClothesStore" */ = {
			isa = XCConfigurationList;
			buildConfigurations = (
				32DEDF5D1DF759FC00D7EDCB /* Debug */,
				32DEDF5E1DF759FC00D7EDCB /* Release */,
			);
			defaultConfigurationIsVisible = 0;
			defaultConfigurationName = Release;
		};
		32DEDF5F1DF759FC00D7EDCB /* Build configuration list for PBXNativeTarget "ClothesStore" */ = {
			isa = XCConfigurationList;
			buildConfigurations = (
				32DEDF601DF759FC00D7EDCB /* Debug */,
				32DEDF611DF759FC00D7EDCB /* Release */,
			);
			defaultConfigurationIsVisible = 0;
			defaultConfigurationName = Release;
		};
/* End XCConfigurationList section */
	};
	rootObject = 32DEDF451DF759FC00D7EDCB /* Project object */;
}
